<?xml version="1.0" encoding="utf-8"?>
<Project ToolsVersion="4.0" xmlns="http://schemas.microsoft.com/developer/msbuild/2003">
  <ItemGroup>
    <ClCompile Include="pch.cpp" />
    <ClCompile Include="Parser\SyntaxTreeParser_parseExpression.cpp" />
    <ClCompile Include="CppCalc_eval.cpp" />
    <ClCompile Include="CppCalc_eval_IntegerLimits.cpp" />
    <ClCompile Include="Tokenizer\Tokenizer_tokenize.cpp" />
    <ClCompile Include="Eval\OpAdd_eval.cpp" />
    <ClCompile Include="Eval\OpBranch_eval.cpp" />
    <ClCompile Include="Eval\OpBrFalse_eval.cpp" />
    <ClCompile Include="Eval\OpBrTrue_eval.cpp" />
    <ClCompile Include="Eval\OpCeq_eval.cpp" />
    <ClCompile Include="Eval\OpCgt_eval.cpp" />
    <ClCompile Include="Eval\OpClt_eval.cpp" />
    <ClCompile Include="Eval\OpDiv_eval.cpp" />
    <ClCompile Include="Eval\OpLdcI4_eval.cpp" />
    <ClCompile Include="Eval\OpMod_eval.cpp" />
    <ClCompile Include="Eval\OpMul_eval.cpp" />
    <ClCompile Include="Eval\OpNeg_eval.cpp" />
    <ClCompile Include="Eval\OpNop_eval.cpp" />
    <ClCompile Include="Eval\OpSub_eval.cpp" />
    <ClCompile Include="Parser\SyntaxTreeParser_parseCompilationUnit.cpp" />
  </ItemGroup>
  <ItemGroup>
    <ClInclude Include="pch.h" />
    <ClInclude Include="Parser\SyntaxTreeParserMacros.h" />
    <ClInclude Include="Tokenizer\TokenizerMacros.h" />
    <ClInclude Include="Eval\EvalMacros.h" />
  </ItemGroup>
  <ItemGroup>
    <None Include="packages.config" />
  </ItemGroup>
</Project>