<?xml version="1.0" encoding="utf-8"?>
<Project ToolsVersion="4.0" xmlns="http://schemas.microsoft.com/developer/msbuild/2003">
  <ItemGroup>
    <ClCompile Include="CppCalcTest.cpp" />
    <ClCompile Include="pch.cpp" />
    <ClCompile Include="Parser\SyntaxTreeParserTest.cpp" />
    <ClCompile Include="Tokenizer\TokenizerTest.cpp" />
    <ClCompile Include="Eval\OpDivTest.cpp" />
    <ClCompile Include="Eval\OpLdcI4Test.cpp" />
    <ClCompile Include="Eval\OpModTest.cpp" />
    <ClCompile Include="Eval\OpMulTest.cpp" />
    <ClCompile Include="Eval\OpNegTest.cpp" />
    <ClCompile Include="Eval\OpSubTest.cpp" />
    <ClCompile Include="IntegerLimitsTest.cpp" />
    <ClCompile Include="Eval\OpCeqTest.cpp" />
    <ClCompile Include="Eval\OpAddTest.cpp" />
    <ClCompile Include="Eval\OpCltTest.cpp" />
    <ClCompile Include="Eval\OpCgtTest.cpp" />
  </ItemGroup>
  <ItemGroup>
    <ClInclude Include="pch.h" />
    <ClInclude Include="Parser\SyntaxTreeParserMacros.h" />
    <ClInclude Include="Tokenizer\TokenizerMacros.h" />
    <ClInclude Include="Eval\EvalMacros.h" />
  </ItemGroup>
  <ItemGroup>
    <None Include="packages.config" />
  </ItemGroup>
</Project>