<?xml version="1.0" encoding="utf-8"?>
<Project ToolsVersion="4.0" xmlns="http://schemas.microsoft.com/developer/msbuild/2003">
  <ItemGroup>
    <Filter Include="Source Files">
      <UniqueIdentifier>{4FC737F1-C7A5-4376-A066-2A32D752A2FF}</UniqueIdentifier>
      <Extensions>cpp;c;cc;cxx;def;odl;idl;hpj;bat;asm;asmx</Extensions>
    </Filter>
    <Filter Include="Header Files">
      <UniqueIdentifier>{93995380-89BD-4b04-88EB-625FBE52EBFB}</UniqueIdentifier>
      <Extensions>h;hh;hpp;hxx;hm;inl;inc;xsd</Extensions>
    </Filter>
    <Filter Include="Resource Files">
      <UniqueIdentifier>{67DA6AB6-F800-4c08-8B7A-83BB121AAD01}</UniqueIdentifier>
      <Extensions>rc;ico;cur;bmp;dlg;rc2;rct;bin;rgs;gif;jpg;jpeg;jpe;resx;tiff;tif;png;wav;mfcribbon-ms</Extensions>
    </Filter>
  </ItemGroup>
  <ItemGroup>
    <ClInclude Include="stdafx.h">
      <Filter>Header Files</Filter>
    </ClInclude>
    <ClInclude Include="targetver.h">
      <Filter>Header Files</Filter>
    </ClInclude>
    <ClInclude Include="CppCalc.h">
      <Filter>Header Files</Filter>
    </ClInclude>
    <ClInclude Include="Tokenizer\Tokenizer.h">
      <Filter>Header Files</Filter>
    </ClInclude>
    <ClInclude Include="Tokenizer\Token.h">
      <Filter>Header Files</Filter>
    </ClInclude>
    <ClInclude Include="Tokenizer\EndOfFileToken.h">
      <Filter>Header Files</Filter>
    </ClInclude>
    <ClInclude Include="Tokenizer\IntegerLiteralToken.h">
      <Filter>Header Files</Filter>
    </ClInclude>
    <ClInclude Include="Tokenizer\OperatorToken.h">
      <Filter>Header Files</Filter>
    </ClInclude>
    <ClInclude Include="Parser\AdditiveExpressionSyntax.h">
      <Filter>Header Files</Filter>
    </ClInclude>
    <ClInclude Include="Parser\BinaryExpressionSyntax.h">
      <Filter>Header Files</Filter>
    </ClInclude>
    <ClInclude Include="Parser\ExpressionSyntax.h">
      <Filter>Header Files</Filter>
    </ClInclude>
    <ClInclude Include="Parser\MultiplicativeExpressionSyntax.h">
      <Filter>Header Files</Filter>
    </ClInclude>
    <ClInclude Include="Parser\PrimaryExpressionSyntax.h">
      <Filter>Header Files</Filter>
    </ClInclude>
    <ClInclude Include="Parser\Syntax.h">
      <Filter>Header Files</Filter>
    </ClInclude>
    <ClInclude Include="Parser\SyntaxTreeParser.h">
      <Filter>Header Files</Filter>
    </ClInclude>
    <ClInclude Include="Parser\UnaryExpressionSyntax.h">
      <Filter>Header Files</Filter>
    </ClInclude>
    <ClInclude Include="Util\Cursor.h">
      <Filter>Header Files</Filter>
    </ClInclude>
    <ClInclude Include="Emit\Opcode.h">
      <Filter>Header Files</Filter>
    </ClInclude>
    <ClInclude Include="Emit\OpAdd.h">
      <Filter>Header Files</Filter>
    </ClInclude>
    <ClInclude Include="Eval\EvalStack.h">
      <Filter>Header Files</Filter>
    </ClInclude>
    <ClInclude Include="Eval\ExpressionEvaluator.h">
      <Filter>Header Files</Filter>
    </ClInclude>
    <ClInclude Include="Emit\OpSub.h">
      <Filter>Header Files</Filter>
    </ClInclude>
    <ClInclude Include="Emit\OpMul.h">
      <Filter>Header Files</Filter>
    </ClInclude>
    <ClInclude Include="Emit\OpDiv.h">
      <Filter>Header Files</Filter>
    </ClInclude>
    <ClInclude Include="Emit\OpMod.h">
      <Filter>Header Files</Filter>
    </ClInclude>
    <ClInclude Include="Emit\OpLdcI4.h">
      <Filter>Header Files</Filter>
    </ClInclude>
    <ClInclude Include="Emit\OpNeg.h">
      <Filter>Header Files</Filter>
    </ClInclude>
    <ClInclude Include="Util\SafeDelete.h">
      <Filter>Header Files</Filter>
    </ClInclude>
    <ClInclude Include="Tokenizer\BooleanLiteralToken.h">
      <Filter>Header Files</Filter>
    </ClInclude>
    <ClInclude Include="Tokenizer\KeywordToken.h">
      <Filter>Header Files</Filter>
    </ClInclude>
    <ClInclude Include="Emit\OpCeq.h">
      <Filter>Header Files</Filter>
    </ClInclude>
    <ClInclude Include="Parser\RelationalExpressionSyntax.h">
      <Filter>Header Files</Filter>
    </ClInclude>
    <ClInclude Include="Parser\EqualityExpressionSyntax.h">
      <Filter>Header Files</Filter>
    </ClInclude>
    <ClInclude Include="Parser\ConditionalAndExpressionSyntax.h">
      <Filter>Header Files</Filter>
    </ClInclude>
    <ClInclude Include="Parser\ConditionalOrExpressionSyntax.h">
      <Filter>Header Files</Filter>
    </ClInclude>
    <ClInclude Include="Emit\OpClt.h">
      <Filter>Header Files</Filter>
    </ClInclude>
    <ClInclude Include="Emit\OpCgt.h">
      <Filter>Header Files</Filter>
    </ClInclude>
    <ClInclude Include="Runtime\RuntimeType.h">
      <Filter>Header Files</Filter>
    </ClInclude>
    <ClInclude Include="Runtime\MethodGroup.h">
      <Filter>Header Files</Filter>
    </ClInclude>
    <ClInclude Include="Runtime\MethodOverload.h">
      <Filter>Header Files</Filter>
    </ClInclude>
    <ClInclude Include="Emit\MethodBuilder.h">
      <Filter>Header Files</Filter>
    </ClInclude>
    <ClInclude Include="Emit\OpcodeTag.h">
      <Filter>Header Files</Filter>
    </ClInclude>
    <ClInclude Include="Emit\OpNop.h">
      <Filter>Header Files</Filter>
    </ClInclude>
    <ClInclude Include="Emit\OpBranch.h">
      <Filter>Header Files</Filter>
    </ClInclude>
    <ClInclude Include="Eval\EvalContext.h">
      <Filter>Header Files</Filter>
    </ClInclude>
    <ClInclude Include="Emit\OpBrTrue.h">
      <Filter>Header Files</Filter>
    </ClInclude>
    <ClInclude Include="Emit\BranchingOpcode.h">
      <Filter>Header Files</Filter>
    </ClInclude>
    <ClInclude Include="Emit\OpBrFalse.h">
      <Filter>Header Files</Filter>
    </ClInclude>
    <ClInclude Include="Tokenizer\StringLiteralToken.h">
      <Filter>Header Files</Filter>
    </ClInclude>
    <ClInclude Include="Tokenizer\IdentifierToken.h">
      <Filter>Header Files</Filter>
    </ClInclude>
  </ItemGroup>
  <ItemGroup>
    <ClCompile Include="stdafx.cpp">
      <Filter>Source Files</Filter>
    </ClCompile>
    <ClCompile Include="CppCalc.cpp">
      <Filter>Source Files</Filter>
    </ClCompile>
    <ClCompile Include="Tokenizer\Tokenizer.cpp">
      <Filter>Source Files</Filter>
    </ClCompile>
    <ClCompile Include="Tokenizer\Token.cpp">
      <Filter>Source Files</Filter>
    </ClCompile>
    <ClCompile Include="Tokenizer\EndOfFileToken.cpp">
      <Filter>Source Files</Filter>
    </ClCompile>
    <ClCompile Include="Tokenizer\IntegerLiteralToken.cpp">
      <Filter>Source Files</Filter>
    </ClCompile>
    <ClCompile Include="Tokenizer\OperatorToken.cpp">
      <Filter>Source Files</Filter>
    </ClCompile>
    <ClCompile Include="Parser\AdditiveExpressionSyntax.cpp">
      <Filter>Source Files</Filter>
    </ClCompile>
    <ClCompile Include="Parser\BinaryExpressionSyntax.cpp">
      <Filter>Source Files</Filter>
    </ClCompile>
    <ClCompile Include="Parser\ExpressionSyntax.cpp">
      <Filter>Source Files</Filter>
    </ClCompile>
    <ClCompile Include="Parser\MultiplicativeExpressionSyntax.cpp">
      <Filter>Source Files</Filter>
    </ClCompile>
    <ClCompile Include="Parser\PrimaryExpressionSyntax.cpp">
      <Filter>Source Files</Filter>
    </ClCompile>
    <ClCompile Include="Parser\Syntax.cpp">
      <Filter>Source Files</Filter>
    </ClCompile>
    <ClCompile Include="Parser\SyntaxTreeParser.cpp">
      <Filter>Source Files</Filter>
    </ClCompile>
    <ClCompile Include="Parser\UnaryExpressionSyntax.cpp">
      <Filter>Source Files</Filter>
    </ClCompile>
    <ClCompile Include="Emit\Opcode.cpp">
      <Filter>Source Files</Filter>
    </ClCompile>
    <ClCompile Include="Emit\OpAdd.cpp">
      <Filter>Source Files</Filter>
    </ClCompile>
    <ClCompile Include="Eval\EvalStack.cpp">
      <Filter>Source Files</Filter>
    </ClCompile>
    <ClCompile Include="Eval\ExpressionEvaluator.cpp">
      <Filter>Source Files</Filter>
    </ClCompile>
    <ClCompile Include="Emit\OpSub.cpp">
      <Filter>Source Files</Filter>
    </ClCompile>
    <ClCompile Include="Emit\OpMul.cpp">
      <Filter>Source Files</Filter>
    </ClCompile>
    <ClCompile Include="Emit\OpDiv.cpp">
      <Filter>Source Files</Filter>
    </ClCompile>
    <ClCompile Include="Emit\OpMod.cpp">
      <Filter>Source Files</Filter>
    </ClCompile>
    <ClCompile Include="Emit\OpLdcI4.cpp">
      <Filter>Source Files</Filter>
    </ClCompile>
    <ClCompile Include="Emit\OpNeg.cpp">
      <Filter>Source Files</Filter>
    </ClCompile>
    <ClCompile Include="Tokenizer\BooleanLiteralToken.cpp">
      <Filter>Source Files</Filter>
    </ClCompile>
    <ClCompile Include="Tokenizer\KeywordToken.cpp">
      <Filter>Source Files</Filter>
    </ClCompile>
    <ClCompile Include="Emit\OpCeq.cpp">
      <Filter>Source Files</Filter>
    </ClCompile>
    <ClCompile Include="Parser\RelationalExpressionSyntax.cpp">
      <Filter>Source Files</Filter>
    </ClCompile>
    <ClCompile Include="Parser\EqualityExpressionSyntax.cpp">
      <Filter>Source Files</Filter>
    </ClCompile>
    <ClCompile Include="Parser\ConditionalAndExpressionSyntax.cpp">
      <Filter>Source Files</Filter>
    </ClCompile>
    <ClCompile Include="Parser\ConditionalOrExpressionSyntax.cpp">
      <Filter>Source Files</Filter>
    </ClCompile>
    <ClCompile Include="Emit\OpClt.cpp">
      <Filter>Source Files</Filter>
    </ClCompile>
    <ClCompile Include="Emit\OpCgt.cpp">
      <Filter>Source Files</Filter>
    </ClCompile>
    <ClCompile Include="Runtime\RuntimeType.cpp">
      <Filter>Source Files</Filter>
    </ClCompile>
    <ClCompile Include="Runtime\MethodGroup.cpp">
      <Filter>Source Files</Filter>
    </ClCompile>
    <ClCompile Include="Runtime\RuntimeType_prepareRuntimeTypes.cpp">
      <Filter>Source Files</Filter>
    </ClCompile>
    <ClCompile Include="Runtime\MethodOverload.cpp">
      <Filter>Source Files</Filter>
    </ClCompile>
    <ClCompile Include="Emit\MethodBuilder.cpp">
      <Filter>Source Files</Filter>
    </ClCompile>
    <ClCompile Include="Emit\OpcodeTag.cpp">
      <Filter>Source Files</Filter>
    </ClCompile>
    <ClCompile Include="Emit\OpNop.cpp">
      <Filter>Source Files</Filter>
    </ClCompile>
    <ClCompile Include="Emit\OpBranch.cpp">
      <Filter>Source Files</Filter>
    </ClCompile>
    <ClCompile Include="Eval\EvalContext.cpp">
      <Filter>Source Files</Filter>
    </ClCompile>
    <ClCompile Include="Emit\OpBrTrue.cpp">
      <Filter>Source Files</Filter>
    </ClCompile>
    <ClCompile Include="Emit\BranchingOpcode.cpp">
      <Filter>Source Files</Filter>
    </ClCompile>
    <ClCompile Include="Emit\OpBrFalse.cpp">
      <Filter>Source Files</Filter>
    </ClCompile>
    <ClCompile Include="Tokenizer\StringLiteralToken.cpp">
      <Filter>Source Files</Filter>
    </ClCompile>
    <ClCompile Include="Tokenizer\IdentifierToken.cpp">
      <Filter>Source Files</Filter>
    </ClCompile>
  </ItemGroup>
  <ItemGroup>
    <Natvis Include="Tokenizer\Token.natvis" />
    <Natvis Include="Parser\Syntax.natvis" />
    <Natvis Include="Runtime\RuntimeType.natvis" />
  </ItemGroup>
  <ItemGroup>
    <Text Include="LanguageSpec.md" />
  </ItemGroup>
</Project>